{
  "lockfileVersion": 1,
  "workspaces": {
    "": {
      "name": "node-react",
      "devDependencies": {
        "@shopify/react-native-skia": "v2.0.0-next.4",
        "@types/node": "^22.5.4",
        "@types/react": "^19.0.10",
        "react": "^19.0.0",
        "typescript": "^5.5.4",
      },
    },
  },
  "packages": {
    "@shopify/react-native-skia": ["@shopify/react-native-skia@2.0.0-next.4", "", { "dependencies": { "canvaskit-wasm": "0.40.0", "react-reconciler": "0.31.0" }, "peerDependencies": { "react": ">=19.0", "react-native": ">=0.78", "react-native-reanimated": "^3.0" }, "optionalPeers": ["react-native", "react-native-reanimated"], "bin": { "setup-skia-web": "scripts/setup-canvaskit.js" } }, "sha512-NzvdgryRz6tkKMHgCChCKa3wXfN9TZhlV0/LrfIU/wKLC1uKgGXkoZgNz7Is0wwdhtao1JJJJ81fqHCGHgzk9g=="],

    "@types/node": ["@types/node@22.18.4", "", { "dependencies": { "undici-types": "~6.21.0" } }, "sha512-UJdblFqXymSBhmZf96BnbisoFIr8ooiiBRMolQgg77Ea+VM37jXw76C2LQr9n8wm9+i/OvlUlW6xSvqwzwqznw=="],

    "@types/react": ["@types/react@19.1.13", "", { "dependencies": { "csstype": "^3.0.2" } }, "sha512-hHkbU/eoO3EG5/MZkuFSKmYqPbSVk5byPFa3e7y/8TybHiLMACgI8seVYlicwk7H5K/rI2px9xrQp/C+AUDTiQ=="],

    "@webgpu/types": ["@webgpu/types@0.1.21", "", {}, "sha512-pUrWq3V5PiSGFLeLxoGqReTZmiiXwY3jRkIG5sLLKjyqNxrwm/04b4nw7LSmGWJcKk59XOM/YRTUwOzo4MMlow=="],

    "canvaskit-wasm": ["canvaskit-wasm@0.40.0", "", { "dependencies": { "@webgpu/types": "0.1.21" } }, "sha512-Od2o+ZmoEw9PBdN/yCGvzfu0WVqlufBPEWNG452wY7E9aT8RBE+ChpZF526doOlg7zumO4iCS+RAeht4P0Gbpw=="],

    "csstype": ["csstype@3.1.3", "", {}, "sha512-M1uQkMl8rQK/szD0LNhtqxIPLpimGm8sOBwU7lLnCpSbTyY3yeU1Vc7l4KT5zT4s/yOxHH5O7tIuuLOCnLADRw=="],

    "react": ["react@19.1.1", "", {}, "sha512-w8nqGImo45dmMIfljjMwOGtbmC/mk4CMYhWIicdSflH91J9TyCyczcPFXJzrZ/ZXcgGRFeP6BU0BEJTw6tZdfQ=="],

    "react-reconciler": ["react-reconciler@0.31.0", "", { "dependencies": { "scheduler": "^0.25.0" }, "peerDependencies": { "react": "^19.0.0" } }, "sha512-7Ob7Z+URmesIsIVRjnLoDGwBEG/tVitidU0nMsqX/eeJaLY89RISO/10ERe0MqmzuKUUB1rmY+h1itMbUHg9BQ=="],

    "scheduler": ["scheduler@0.25.0", "", {}, "sha512-xFVuu11jh+xcO7JOAGJNOXld8/TcEHK/4CituBUeUb5hqxJLj9YuemAEuvm9gQ/+pgXYfbQuqAkiYu+u7YEsNA=="],

    "typescript": ["typescript@5.9.2", "", { "bin": { "tsc": "bin/tsc", "tsserver": "bin/tsserver" } }, "sha512-CWBzXQrc/qOkhidw1OzBTQuYRbfyxDXJMVJ1XNwUHGROVmuaeiEm3OslpZ1RV96d7SKKjZKrSJu3+t/xlw3R9A=="],

    "undici-types": ["undici-types@6.21.0", "", {}, "sha512-iwDZqg0QAGrg9Rav5H4n0M64c3mkR59cJ6wQp+7C4nI0gsmExaedaYLNO44eT4AtBBwjbTiGPMlt2Md0T9H9JQ=="],
  }
}
